
Microsoft Visual Studio Solution File, Format Version 12.00
# Visual Studio Version 17
VisualStudioVersion = 17.8.34525.116
MinimumVisualStudioVersion = 10.0.40219.1
Project("{FAE04EC0-301F-11D3-BF4B-00C04F79EFBC}") = "Tarea p1", "Tarea p1\Tarea p1.csproj", "{FFEA76F1-CB41-429C-885E-BAA5CF68ADEE}"
EndProject
Global
	GlobalSection(SolutionConfigurationPlatforms) = preSolution
		Debug|Any CPU = Debug|Any CPU
		Release|Any CPU = Release|Any CPU
	EndGlobalSection
	GlobalSection(ProjectConfigurationPlatforms) = postSolution
		{FFEA76F1-CB41-429C-885E-BAA5CF68ADEE}.Debug|Any CPU.ActiveCfg = Debug|Any CPU
		{FFEA76F1-CB41-429C-885E-BAA5CF68ADEE}.Debug|Any CPU.Build.0 = Debug|Any CPU
		{FFEA76F1-CB41-429C-885E-BAA5CF68ADEE}.Release|Any CPU.ActiveCfg = Release|Any CPU
		{FFEA76F1-CB41-429C-885E-BAA5CF68ADEE}.Release|Any CPU.Build.0 = Release|Any CPU
	EndGlobalSection
	GlobalSection(SolutionProperties) = preSolution
		HideSolutionNode = FALSE
	EndGlobalSection
	GlobalSection(ExtensibilityGlobals) = postSolution
		SolutionGuid = {7D954733-8CEF-450D-B688-F1A098140479}
	EndGlobalSection
EndGlobal
